
Microsoft Visual Studio Solution File, Format Version 12.00
# Visual Studio 14
VisualStudioVersion = 14.0.25420.1
MinimumVisualStudioVersion = 10.0.40219.1
Project("{9092AA53-FB77-4645-B42D-1CCCA6BD08BD}") = "APALO-EXPRESS", "APALO-EXPRESS\APALO-EXPRESS.njsproj", "{108A475B-5C17-4712-B94E-E28623EC331C}"
EndProject
Project("{2150E333-8FDC-42A3-9474-1A3956D46DE8}") = "Solution Items", "Solution Items", "{166236D7-C6BB-4AD7-8499-94536F68DCB5}"
	ProjectSection(SolutionItems) = preProject
		README.md = README.md
	EndProjectSection
EndProject
Global
	GlobalSection(SolutionConfigurationPlatforms) = preSolution
		Debug|Any CPU = Debug|Any CPU
		Release|Any CPU = Release|Any CPU
	EndGlobalSection
	GlobalSection(ProjectConfigurationPlatforms) = postSolution
		{108A475B-5C17-4712-B94E-E28623EC331C}.Debug|Any CPU.ActiveCfg = Debug|Any CPU
		{108A475B-5C17-4712-B94E-E28623EC331C}.Debug|Any CPU.Build.0 = Debug|Any CPU
		{108A475B-5C17-4712-B94E-E28623EC331C}.Release|Any CPU.ActiveCfg = Release|Any CPU
		{108A475B-5C17-4712-B94E-E28623EC331C}.Release|Any CPU.Build.0 = Release|Any CPU
	EndGlobalSection
	GlobalSection(SolutionProperties) = preSolution
		HideSolutionNode = FALSE
	EndGlobalSection
EndGlobal
